
Microsoft Visual Studio Solution File, Format Version 12.00
# Visual Studio Version 17
VisualStudioVersion = 17.1.32104.313
MinimumVisualStudioVersion = 10.0.40219.1
Project("{2150E333-8FDC-42A3-9474-1A3956D46DE8}") = "Services", "Services", "{D0FF0BCE-9F75-4E3F-9F94-032B90D525AD}"
EndProject
Project("{2150E333-8FDC-42A3-9474-1A3956D46DE8}") = "Catalog", "Catalog", "{ECEB7BF0-F289-45DB-BEC9-3DF5D51C4649}"
EndProject
Project("{9A19103F-16F7-4668-BE54-9A1E7A4F7556}") = "Catalog.API", "Services\Catalog\Catalog.API\Catalog.API.csproj", "{55BF148A-58EE-49C5-B7D4-AFC5ADCF006A}"
EndProject
Project("{E53339B2-1760-4266-BCC7-CA923CBCF16C}") = "docker-compose", "docker-compose.dcproj", "{75112AD7-505B-4D04-8669-03DE5D3909DB}"
EndProject
Global
	GlobalSection(SolutionConfigurationPlatforms) = preSolution
		Debug|Any CPU = Debug|Any CPU
		Release|Any CPU = Release|Any CPU
	EndGlobalSection
	GlobalSection(ProjectConfigurationPlatforms) = postSolution
		{55BF148A-58EE-49C5-B7D4-AFC5ADCF006A}.Debug|Any CPU.ActiveCfg = Debug|Any CPU
		{55BF148A-58EE-49C5-B7D4-AFC5ADCF006A}.Debug|Any CPU.Build.0 = Debug|Any CPU
		{55BF148A-58EE-49C5-B7D4-AFC5ADCF006A}.Release|Any CPU.ActiveCfg = Release|Any CPU
		{55BF148A-58EE-49C5-B7D4-AFC5ADCF006A}.Release|Any CPU.Build.0 = Release|Any CPU
		{75112AD7-505B-4D04-8669-03DE5D3909DB}.Debug|Any CPU.ActiveCfg = Debug|Any CPU
		{75112AD7-505B-4D04-8669-03DE5D3909DB}.Debug|Any CPU.Build.0 = Debug|Any CPU
		{75112AD7-505B-4D04-8669-03DE5D3909DB}.Release|Any CPU.ActiveCfg = Release|Any CPU
		{75112AD7-505B-4D04-8669-03DE5D3909DB}.Release|Any CPU.Build.0 = Release|Any CPU
	EndGlobalSection
	GlobalSection(SolutionProperties) = preSolution
		HideSolutionNode = FALSE
	EndGlobalSection
	GlobalSection(NestedProjects) = preSolution
		{ECEB7BF0-F289-45DB-BEC9-3DF5D51C4649} = {D0FF0BCE-9F75-4E3F-9F94-032B90D525AD}
		{55BF148A-58EE-49C5-B7D4-AFC5ADCF006A} = {ECEB7BF0-F289-45DB-BEC9-3DF5D51C4649}
	EndGlobalSection
	GlobalSection(ExtensibilityGlobals) = postSolution
		SolutionGuid = {91D12C3D-410E-4B95-B838-43AC488E76E9}
	EndGlobalSection
EndGlobal
